
Microsoft Visual Studio Solution File, Format Version 12.00
# Visual Studio Version 16
VisualStudioVersion = 16.0.30907.101
MinimumVisualStudioVersion = 10.0.40219.1
Project("{FAE04EC0-301F-11D3-BF4B-00C04F79EFBC}") = "WestSydMedPrac", "WestSydMedPrac\WestSydMedPrac.csproj", "{4CE89445-53F1-41B7-AE04-79615B8F2FC3}"
EndProject
Global
	GlobalSection(SolutionConfigurationPlatforms) = preSolution
		Debug|Any CPU = Debug|Any CPU
		Release|Any CPU = Release|Any CPU
	EndGlobalSection
	GlobalSection(ProjectConfigurationPlatforms) = postSolution
		{4CE89445-53F1-41B7-AE04-79615B8F2FC3}.Debug|Any CPU.ActiveCfg = Debug|Any CPU
		{4CE89445-53F1-41B7-AE04-79615B8F2FC3}.Debug|Any CPU.Build.0 = Debug|Any CPU
		{4CE89445-53F1-41B7-AE04-79615B8F2FC3}.Release|Any CPU.ActiveCfg = Release|Any CPU
		{4CE89445-53F1-41B7-AE04-79615B8F2FC3}.Release|Any CPU.Build.0 = Release|Any CPU
	EndGlobalSection
	GlobalSection(SolutionProperties) = preSolution
		HideSolutionNode = FALSE
	EndGlobalSection
	GlobalSection(ExtensibilityGlobals) = postSolution
		SolutionGuid = {7B4BDE94-CA28-4306-A4D3-E696B0FD1174}
	EndGlobalSection
EndGlobal
